
Microsoft Visual Studio Solution File, Format Version 12.00
# Visual Studio Version 17
VisualStudioVersion = 17.8.34316.72
MinimumVisualStudioVersion = 10.0.40219.1
Project("{FAE04EC0-301F-11D3-BF4B-00C04F79EFBC}") = "SyncVsAsyncBenchmark.API.Client", "SyncVsAsyncBenchmark.API.Client\SyncVsAsyncBenchmark.API.Client.csproj", "{12DC63F7-5508-4B59-A1BA-91606038C52D}"
EndProject
Project("{FAE04EC0-301F-11D3-BF4B-00C04F79EFBC}") = "SyncVsAsyncBenchmark.API.Server", "SyncVsAsyncBenchmark.API.Server\SyncVsAsyncBenchmark.API.Server.csproj", "{8AF8FB5F-9BF0-47A4-84A5-8FA1F4F30410}"
EndProject
Global
	GlobalSection(SolutionConfigurationPlatforms) = preSolution
		Debug|Any CPU = Debug|Any CPU
		Release|Any CPU = Release|Any CPU
	EndGlobalSection
	GlobalSection(ProjectConfigurationPlatforms) = postSolution
		{12DC63F7-5508-4B59-A1BA-91606038C52D}.Debug|Any CPU.ActiveCfg = Debug|Any CPU
		{12DC63F7-5508-4B59-A1BA-91606038C52D}.Debug|Any CPU.Build.0 = Debug|Any CPU
		{12DC63F7-5508-4B59-A1BA-91606038C52D}.Release|Any CPU.ActiveCfg = Release|Any CPU
		{12DC63F7-5508-4B59-A1BA-91606038C52D}.Release|Any CPU.Build.0 = Release|Any CPU
		{8AF8FB5F-9BF0-47A4-84A5-8FA1F4F30410}.Debug|Any CPU.ActiveCfg = Debug|Any CPU
		{8AF8FB5F-9BF0-47A4-84A5-8FA1F4F30410}.Debug|Any CPU.Build.0 = Debug|Any CPU
		{8AF8FB5F-9BF0-47A4-84A5-8FA1F4F30410}.Release|Any CPU.ActiveCfg = Release|Any CPU
		{8AF8FB5F-9BF0-47A4-84A5-8FA1F4F30410}.Release|Any CPU.Build.0 = Release|Any CPU
	EndGlobalSection
	GlobalSection(SolutionProperties) = preSolution
		HideSolutionNode = FALSE
	EndGlobalSection
	GlobalSection(ExtensibilityGlobals) = postSolution
		SolutionGuid = {C1CD2046-096B-4B91-B12E-4729B6921E74}
	EndGlobalSection
EndGlobal
